
Microsoft Visual Studio Solution File, Format Version 12.00
# Visual Studio 15
Project("{FAE04EC0-301F-11D3-BF4B-00C04F79EFBC}") = "ProgrammingAssignment1", "ProgrammingAssignment1.csproj", "{A31861AC-0B60-4A92-9295-E4771A82E9F1}"
EndProject
Global
	GlobalSection(SolutionConfigurationPlatforms) = preSolution
		Debug|Any CPU = Debug|Any CPU
		Release|Any CPU = Release|Any CPU
	EndGlobalSection
	GlobalSection(ProjectConfigurationPlatforms) = postSolution
		{A31861AC-0B60-4A92-9295-E4771A82E9F1}.Debug|Any CPU.ActiveCfg = Debug|Any CPU
		{A31861AC-0B60-4A92-9295-E4771A82E9F1}.Debug|Any CPU.Build.0 = Debug|Any CPU
		{A31861AC-0B60-4A92-9295-E4771A82E9F1}.Release|Any CPU.ActiveCfg = Release|Any CPU
		{A31861AC-0B60-4A92-9295-E4771A82E9F1}.Release|Any CPU.Build.0 = Release|Any CPU
	EndGlobalSection
EndGlobal
